
Microsoft Visual Studio Solution File, Format Version 11.00
# Visual Studio 2010
Project("{FAE04EC0-301F-11D3-BF4B-00C04F79EFBC}") = "AstarPathfindingProject", "AstarPathfindingProject.csproj", "{11A7535C-576B-9399-CC68-452F051A8352}"
EndProject
Project("{FAE04EC0-301F-11D3-BF4B-00C04F79EFBC}") = "Assembly-CSharp", "Assembly-CSharp.csproj", "{74C35C19-BEF9-D512-DBFE-C6869652EC1D}"
EndProject
Project("{FAE04EC0-301F-11D3-BF4B-00C04F79EFBC}") = "UltimateIsometricToolkit", "UltimateIsometricToolkit.csproj", "{6C72DB20-F20B-DE54-E6DF-8228CA559603}"
EndProject
Project("{FAE04EC0-301F-11D3-BF4B-00C04F79EFBC}") = "PackageToolsEditor", "PackageToolsEditor.csproj", "{47D00492-4672-2DA1-C4B4-F6C3E41D3DCA}"
EndProject
Project("{FAE04EC0-301F-11D3-BF4B-00C04F79EFBC}") = "Assembly-CSharp-Editor", "Assembly-CSharp-Editor.csproj", "{3F02C486-7F7A-F07C-A61D-2A9A2C980647}"
EndProject
Project("{FAE04EC0-301F-11D3-BF4B-00C04F79EFBC}") = "AstarPathfindingProjectEditor", "AstarPathfindingProjectEditor.csproj", "{59C202F4-2C3B-E585-7879-F4518C05A51E}"
EndProject
Global
	GlobalSection(SolutionConfigurationPlatforms) = preSolution
		Debug|Any CPU = Debug|Any CPU
		Release|Any CPU = Release|Any CPU
	EndGlobalSection
	GlobalSection(ProjectConfigurationPlatforms) = postSolution
		{11A7535C-576B-9399-CC68-452F051A8352}.Debug|Any CPU.ActiveCfg = Debug|Any CPU
		{11A7535C-576B-9399-CC68-452F051A8352}.Debug|Any CPU.Build.0 = Debug|Any CPU
		{11A7535C-576B-9399-CC68-452F051A8352}.Release|Any CPU.ActiveCfg = Release|Any CPU
		{11A7535C-576B-9399-CC68-452F051A8352}.Release|Any CPU.Build.0 = Release|Any CPU
		{74C35C19-BEF9-D512-DBFE-C6869652EC1D}.Debug|Any CPU.ActiveCfg = Debug|Any CPU
		{74C35C19-BEF9-D512-DBFE-C6869652EC1D}.Debug|Any CPU.Build.0 = Debug|Any CPU
		{74C35C19-BEF9-D512-DBFE-C6869652EC1D}.Release|Any CPU.ActiveCfg = Release|Any CPU
		{74C35C19-BEF9-D512-DBFE-C6869652EC1D}.Release|Any CPU.Build.0 = Release|Any CPU
		{6C72DB20-F20B-DE54-E6DF-8228CA559603}.Debug|Any CPU.ActiveCfg = Debug|Any CPU
		{6C72DB20-F20B-DE54-E6DF-8228CA559603}.Debug|Any CPU.Build.0 = Debug|Any CPU
		{6C72DB20-F20B-DE54-E6DF-8228CA559603}.Release|Any CPU.ActiveCfg = Release|Any CPU
		{6C72DB20-F20B-DE54-E6DF-8228CA559603}.Release|Any CPU.Build.0 = Release|Any CPU
		{47D00492-4672-2DA1-C4B4-F6C3E41D3DCA}.Debug|Any CPU.ActiveCfg = Debug|Any CPU
		{47D00492-4672-2DA1-C4B4-F6C3E41D3DCA}.Debug|Any CPU.Build.0 = Debug|Any CPU
		{47D00492-4672-2DA1-C4B4-F6C3E41D3DCA}.Release|Any CPU.ActiveCfg = Release|Any CPU
		{47D00492-4672-2DA1-C4B4-F6C3E41D3DCA}.Release|Any CPU.Build.0 = Release|Any CPU
		{3F02C486-7F7A-F07C-A61D-2A9A2C980647}.Debug|Any CPU.ActiveCfg = Debug|Any CPU
		{3F02C486-7F7A-F07C-A61D-2A9A2C980647}.Debug|Any CPU.Build.0 = Debug|Any CPU
		{3F02C486-7F7A-F07C-A61D-2A9A2C980647}.Release|Any CPU.ActiveCfg = Release|Any CPU
		{3F02C486-7F7A-F07C-A61D-2A9A2C980647}.Release|Any CPU.Build.0 = Release|Any CPU
		{59C202F4-2C3B-E585-7879-F4518C05A51E}.Debug|Any CPU.ActiveCfg = Debug|Any CPU
		{59C202F4-2C3B-E585-7879-F4518C05A51E}.Debug|Any CPU.Build.0 = Debug|Any CPU
		{59C202F4-2C3B-E585-7879-F4518C05A51E}.Release|Any CPU.ActiveCfg = Release|Any CPU
		{59C202F4-2C3B-E585-7879-F4518C05A51E}.Release|Any CPU.Build.0 = Release|Any CPU
	EndGlobalSection
	GlobalSection(SolutionProperties) = preSolution
		HideSolutionNode = FALSE
	EndGlobalSection
EndGlobal
